<?xml version="1.0" encoding="utf-8"?>
<Project ToolsVersion="4.0" xmlns="http://schemas.microsoft.com/developer/msbuild/2003">
  <ItemGroup>
    <ClCompile Include="Source\SceneFPCamera.cpp">
      <Filter>Scenes</Filter>
    </ClCompile>
    <ClCompile Include="Source\SceneHub.cpp">
      <Filter>Scenes</Filter>
    </ClCompile>
    <ClCompile Include="Source\SceneTester.cpp">
      <Filter>Scenes</Filter>
    </ClCompile>
    <ClCompile Include="Source\SceneTexture.cpp">
      <Filter>Scenes</Filter>
    </ClCompile>
    <ClCompile Include="Source\AltAzCamera.cpp">
      <Filter>Source Files</Filter>
    </ClCompile>
    <ClCompile Include="Source\AnimatedUIElement.cpp">
      <Filter>Source Files</Filter>
    </ClCompile>
    <ClCompile Include="Source\Application.cpp">
      <Filter>Source Files</Filter>
    </ClCompile>
    <ClCompile Include="Source\audio.cpp">
      <Filter>Source Files</Filter>
    </ClCompile>
    <ClCompile Include="Source\BaseScene.cpp">
      <Filter>Source Files</Filter>
    </ClCompile>
    <ClCompile Include="Source\BoundingBox.cpp">
      <Filter>Source Files</Filter>
    </ClCompile>
    <ClCompile Include="Source\CollisionDetection.cpp">
      <Filter>Source Files</Filter>
    </ClCompile>
    <ClCompile Include="Source\FPCamera.cpp">
      <Filter>Source Files</Filter>
    </ClCompile>
    <ClCompile Include="Source\InteractPromptUI.cpp">
      <Filter>Source Files</Filter>
    </ClCompile>
    <ClCompile Include="Source\Light.cpp">
      <Filter>Source Files</Filter>
    </ClCompile>
    <ClCompile Include="Source\LoadOBJ.cpp">
      <Filter>Source Files</Filter>
    </ClCompile>
    <ClCompile Include="Source\LoadTGA.cpp">
      <Filter>Source Files</Filter>
    </ClCompile>
    <ClCompile Include="Source\main.cpp">
      <Filter>Source Files</Filter>
    </ClCompile>
    <ClCompile Include="Source\MatrixStack.cpp">
      <Filter>Source Files</Filter>
    </ClCompile>
    <ClCompile Include="Source\Mesh.cpp">
      <Filter>Source Files</Filter>
    </ClCompile>
    <ClCompile Include="Source\MeshBuilder.cpp">
      <Filter>Source Files</Filter>
    </ClCompile>
    <ClCompile Include="Source\PhysicsObject.cpp">
      <Filter>Source Files</Filter>
    </ClCompile>
    <ClCompile Include="Source\Player.cpp">
      <Filter>Source Files</Filter>
    </ClCompile>
    <ClCompile Include="Source\shader.cpp">
      <Filter>Source Files</Filter>
    </ClCompile>
    <ClCompile Include="Source\UIElement.cpp">
      <Filter>Source Files</Filter>
    </ClCompile>
    <ClCompile Include="Source\SceneKnockdown.cpp">
      <Filter>Scenes</Filter>
    </ClCompile>
    <ClCompile Include="Source\SceneRiseTop.cpp">
      <Filter>Scenes</Filter>
    </ClCompile>
    <ClCompile Include="Source\SceneBB.cpp" />
  </ItemGroup>
  <ItemGroup>
    <ClInclude Include="Source\SceneFPCamera.h">
      <Filter>Scenes</Filter>
    </ClInclude>
    <ClInclude Include="Source\SceneHub.h">
      <Filter>Scenes</Filter>
    </ClInclude>
    <ClInclude Include="Source\SceneTester.h">
      <Filter>Scenes</Filter>
    </ClInclude>
    <ClInclude Include="Source\SceneTexture.h">
      <Filter>Scenes</Filter>
    </ClInclude>
    <ClInclude Include="Source\AltAzCamera.h">
      <Filter>Header Files</Filter>
    </ClInclude>
    <ClInclude Include="Source\AnimatedUIElement.h">
      <Filter>Header Files</Filter>
    </ClInclude>
    <ClInclude Include="Source\Application.h">
      <Filter>Header Files</Filter>
    </ClInclude>
    <ClInclude Include="Source\audio.h">
      <Filter>Header Files</Filter>
    </ClInclude>
    <ClInclude Include="Source\BaseScene.h">
      <Filter>Header Files</Filter>
    </ClInclude>
    <ClInclude Include="Source\BoundingBox.h">
      <Filter>Header Files</Filter>
    </ClInclude>
    <ClInclude Include="Source\CollisionDetection.h">
      <Filter>Header Files</Filter>
    </ClInclude>
    <ClInclude Include="Source\FPCamera.h">
      <Filter>Header Files</Filter>
    </ClInclude>
    <ClInclude Include="Source\InteractPromptUI.h">
      <Filter>Header Files</Filter>
    </ClInclude>
    <ClInclude Include="Source\Light.h">
      <Filter>Header Files</Filter>
    </ClInclude>
    <ClInclude Include="Source\LoadOBJ.h">
      <Filter>Header Files</Filter>
    </ClInclude>
    <ClInclude Include="Source\LoadTGA.h">
      <Filter>Header Files</Filter>
    </ClInclude>
    <ClInclude Include="Source\Material.h">
      <Filter>Header Files</Filter>
    </ClInclude>
    <ClInclude Include="Source\MatrixStack.h">
      <Filter>Header Files</Filter>
    </ClInclude>
    <ClInclude Include="Source\Mesh.h">
      <Filter>Header Files</Filter>
    </ClInclude>
    <ClInclude Include="Source\MeshBuilder.h">
      <Filter>Header Files</Filter>
    </ClInclude>
    <ClInclude Include="include\miniaudio.h">
      <Filter>Header Files</Filter>
    </ClInclude>
    <ClInclude Include="Source\PhysicsObject.h">
      <Filter>Header Files</Filter>
    </ClInclude>
    <ClInclude Include="Source\Player.h">
      <Filter>Header Files</Filter>
    </ClInclude>
    <ClInclude Include="Source\Scene.h">
      <Filter>Header Files</Filter>
    </ClInclude>
    <ClInclude Include="Source\shader.hpp">
      <Filter>Header Files</Filter>
    </ClInclude>
    <ClInclude Include="Source\UIElement.h">
      <Filter>Header Files</Filter>
    </ClInclude>
    <ClInclude Include="Source\Vertex.h">
      <Filter>Header Files</Filter>
    </ClInclude>
    <ClInclude Include="Source\SceneKnockdown.h">
      <Filter>Scenes</Filter>
    </ClInclude>
    <ClInclude Include="Source\SceneRiseTop.h">
      <Filter>Scenes</Filter>
    </ClInclude>
    <ClInclude Include="Source\SceneBB.h" />
  </ItemGroup>
  <ItemGroup>
    <Media Include="SFX\wrong-lie-incorrect-buzzer.mp3">
      <Filter>SFX</Filter>
    </Media>
    <Media Include="SFX\384908__ali_6868__arrow-whoosh-1.wav">
      <Filter>SFX</Filter>
    </Media>
    <Media Include="SFX\708223__mythmazter__arrow_hit_1.wav">
      <Filter>SFX</Filter>
    </Media>
    <Media Include="..\..\..\..\Downloads\maxwell-the-cat-theme (online-audio-converter.com).wav">
      <Filter>SFX</Filter>
    </Media>
    <Media Include="SFX\truth-detector-bassboosted.mp3">
      <Filter>SFX</Filter>
    </Media>
  </ItemGroup>
  <ItemGroup>
    <Filter Include="Source Files">
      <UniqueIdentifier>{6de0952a-2849-42c9-8bb5-84d6421453c6}</UniqueIdentifier>
    </Filter>
    <Filter Include="Header Files">
      <UniqueIdentifier>{1f59a967-ba2e-4ee0-81fe-c14b4dd75d3d}</UniqueIdentifier>
    </Filter>
    <Filter Include="Scenes">
      <UniqueIdentifier>{36cb0eeb-5a64-45fe-bc51-80931237afb3}</UniqueIdentifier>
    </Filter>
    <Filter Include="SFX">
      <UniqueIdentifier>{fcf00c54-09a0-4259-bbb0-435bcd51e3b5}</UniqueIdentifier>
    </Filter>
  </ItemGroup>
  <ItemGroup>
    <Text Include="gtaiv.txt">
      <Filter>Header Files</Filter>
    </Text>
  </ItemGroup>
  <ItemGroup>
    <None Include="SFX\244657__dsg__pop-5.flac">
      <Filter>SFX</Filter>
    </None>
  </ItemGroup>
</Project>